// !$*UTF8*$!
{
	archiveVersion = 1;
	classes = {
	};
	objectVersion = 50;
	objects = {

/* Begin PBXBuildFile section */
		9B37B36F22B457480037BB72 /* AppDelegate.swift in Sources */ = {isa = PBXBuildFile; fileRef = 9B37B36E22B457480037BB72 /* AppDelegate.swift */; };
		9B37B37122B457480037BB72 /* ViewController.swift in Sources */ = {isa = PBXBuildFile; fileRef = 9B37B37022B457480037BB72 /* ViewController.swift */; };
		9B37B37422B457480037BB72 /* Main.storyboard in Resources */ = {isa = PBXBuildFile; fileRef = 9B37B37222B457480037BB72 /* Main.storyboard */; };
		9B37B37722B457480037BB72 /* Swoosh_App.xcdatamodeld in Sources */ = {isa = PBXBuildFile; fileRef = 9B37B37522B457480037BB72 /* Swoosh_App.xcdatamodeld */; };
		9B37B37922B4574A0037BB72 /* Assets.xcassets in Resources */ = {isa = PBXBuildFile; fileRef = 9B37B37822B4574A0037BB72 /* Assets.xcassets */; };
		9B37B37C22B4574A0037BB72 /* LaunchScreen.storyboard in Resources */ = {isa = PBXBuildFile; fileRef = 9B37B37A22B4574A0037BB72 /* LaunchScreen.storyboard */; };
		9B37B38722B4574B0037BB72 /* Swoosh_AppTests.swift in Sources */ = {isa = PBXBuildFile; fileRef = 9B37B38622B4574B0037BB72 /* Swoosh_AppTests.swift */; };
		9B37B39222B4574B0037BB72 /* Swoosh_AppUITests.swift in Sources */ = {isa = PBXBuildFile; fileRef = 9B37B39122B4574B0037BB72 /* Swoosh_AppUITests.swift */; };
/* End PBXBuildFile section */

/* Begin PBXContainerItemProxy section */
		9B37B38322B4574B0037BB72 /* PBXContainerItemProxy */ = {
			isa = PBXContainerItemProxy;
			containerPortal = 9B37B36322B457480037BB72 /* Project object */;
			proxyType = 1;
			remoteGlobalIDString = 9B37B36A22B457480037BB72;
			remoteInfo = "Swoosh App";
		};
		9B37B38E22B4574B0037BB72 /* PBXContainerItemProxy */ = {
			isa = PBXContainerItemProxy;
			containerPortal = 9B37B36322B457480037BB72 /* Project object */;
			proxyType = 1;
			remoteGlobalIDString = 9B37B36A22B457480037BB72;
			remoteInfo = "Swoosh App";
		};
/* End PBXContainerItemProxy section */

/* Begin PBXFileReference section */
		9B37B36B22B457480037BB72 /* Swoosh App.app */ = {isa = PBXFileReference; explicitFileType = wrapper.application; includeInIndex = 0; path = "Swoosh App.app"; sourceTree = BUILT_PRODUCTS_DIR; };
		9B37B36E22B457480037BB72 /* AppDelegate.swift */ = {isa = PBXFileReference; lastKnownFileType = sourcecode.swift; path = AppDelegate.swift; sourceTree = "<group>"; };
		9B37B37022B457480037BB72 /* ViewController.swift */ = {isa = PBXFileReference; lastKnownFileType = sourcecode.swift; path = ViewController.swift; sourceTree = "<group>"; };
		9B37B37322B457480037BB72 /* Base */ = {isa = PBXFileReference; lastKnownFileType = file.storyboard; name = Base; path = Base.lproj/Main.storyboard; sourceTree = "<group>"; };
		9B37B37622B457480037BB72 /* Swoosh_App.xcdatamodel */ = {isa = PBXFileReference; lastKnownFileType = wrapper.xcdatamodel; path = Swoosh_App.xcdatamodel; sourceTree = "<group>"; };
		9B37B37822B4574A0037BB72 /* Assets.xcassets */ = {isa = PBXFileReference; lastKnownFileType = folder.assetcatalog; path = Assets.xcassets; sourceTree = "<group>"; };
		9B37B37B22B4574A0037BB72 /* Base */ = {isa = PBXFileReference; lastKnownFileType = file.storyboard; name = Base; path = Base.lproj/LaunchScreen.storyboard; sourceTree = "<group>"; };
		9B37B37D22B4574A0037BB72 /* Info.plist */ = {isa = PBXFileReference; lastKnownFileType = text.plist.xml; path = Info.plist; sourceTree = "<group>"; };
		9B37B38222B4574B0037BB72 /* Swoosh AppTests.xctest */ = {isa = PBXFileReference; explicitFileType = wrapper.cfbundle; includeInIndex = 0; path = "Swoosh AppTests.xctest"; sourceTree = BUILT_PRODUCTS_DIR; };
		9B37B38622B4574B0037BB72 /* Swoosh_AppTests.swift */ = {isa = PBXFileReference; lastKnownFileType = sourcecode.swift; path = Swoosh_AppTests.swift; sourceTree = "<group>"; };
		9B37B38822B4574B0037BB72 /* Info.plist */ = {isa = PBXFileReference; lastKnownFileType = text.plist.xml; path = Info.plist; sourceTree = "<group>"; };
		9B37B38D22B4574B0037BB72 /* Swoosh AppUITests.xctest */ = {isa = PBXFileReference; explicitFileType = wrapper.cfbundle; includeInIndex = 0; path = "Swoosh AppUITests.xctest"; sourceTree = BUILT_PRODUCTS_DIR; };
		9B37B39122B4574B0037BB72 /* Swoosh_AppUITests.swift */ = {isa = PBXFileReference; lastKnownFileType = sourcecode.swift; path = Swoosh_AppUITests.swift; sourceTree = "<group>"; };
		9B37B39322B4574B0037BB72 /* Info.plist */ = {isa = PBXFileReference; lastKnownFileType = text.plist.xml; path = Info.plist; sourceTree = "<group>"; };
/* End PBXFileReference section */

/* Begin PBXFrameworksBuildPhase section */
		9B37B36822B457480037BB72 /* Frameworks */ = {
			isa = PBXFrameworksBuildPhase;
			buildActionMask = 2147483647;
			files = (
			);
			runOnlyForDeploymentPostprocessing = 0;
		};
		9B37B37F22B4574B0037BB72 /* Frameworks */ = {
			isa = PBXFrameworksBuildPhase;
			buildActionMask = 2147483647;
			files = (
			);
			runOnlyForDeploymentPostprocessing = 0;
		};
		9B37B38A22B4574B0037BB72 /* Frameworks */ = {
			isa = PBXFrameworksBuildPhase;
			buildActionMask = 2147483647;
			files = (
			);
			runOnlyForDeploymentPostprocessing = 0;
		};
/* End PBXFrameworksBuildPhase section */

/* Begin PBXGroup section */
		9B37B36222B457480037BB72 = {
			isa = PBXGroup;
			children = (
				9B37B36D22B457480037BB72 /* Swoosh App */,
				9B37B38522B4574B0037BB72 /* Swoosh AppTests */,
				9B37B39022B4574B0037BB72 /* Swoosh AppUITests */,
				9B37B36C22B457480037BB72 /* Products */,
			);
			sourceTree = "<group>";
		};
		9B37B36C22B457480037BB72 /* Products */ = {
			isa = PBXGroup;
			children = (
				9B37B36B22B457480037BB72 /* Swoosh App.app */,
				9B37B38222B4574B0037BB72 /* Swoosh AppTests.xctest */,
				9B37B38D22B4574B0037BB72 /* Swoosh AppUITests.xctest */,
			);
			name = Products;
			sourceTree = "<group>";
		};
		9B37B36D22B457480037BB72 /* Swoosh App */ = {
			isa = PBXGroup;
			children = (
				9B37B36E22B457480037BB72 /* AppDelegate.swift */,
				9B37B37022B457480037BB72 /* ViewController.swift */,
				9B37B37222B457480037BB72 /* Main.storyboard */,
				9B37B37822B4574A0037BB72 /* Assets.xcassets */,
				9B37B37A22B4574A0037BB72 /* LaunchScreen.storyboard */,
				9B37B37D22B4574A0037BB72 /* Info.plist */,
				9B37B37522B457480037BB72 /* Swoosh_App.xcdatamodeld */,
			);
			path = "Swoosh App";
			sourceTree = "<group>";
		};
		9B37B38522B4574B0037BB72 /* Swoosh AppTests */ = {
			isa = PBXGroup;
			children = (
				9B37B38622B4574B0037BB72 /* Swoosh_AppTests.swift */,
				9B37B38822B4574B0037BB72 /* Info.plist */,
			);
			path = "Swoosh AppTests";
			sourceTree = "<group>";
		};
		9B37B39022B4574B0037BB72 /* Swoosh AppUITests */ = {
			isa = PBXGroup;
			children = (
				9B37B39122B4574B0037BB72 /* Swoosh_AppUITests.swift */,
				9B37B39322B4574B0037BB72 /* Info.plist */,
			);
			path = "Swoosh AppUITests";
			sourceTree = "<group>";
		};
/* End PBXGroup section */

/* Begin PBXNativeTarget section */
		9B37B36A22B457480037BB72 /* Swoosh App */ = {
			isa = PBXNativeTarget;
			buildConfigurationList = 9B37B39622B4574B0037BB72 /* Build configuration list for PBXNativeTarget "Swoosh App" */;
			buildPhases = (
				9B37B36722B457480037BB72 /* Sources */,
				9B37B36822B457480037BB72 /* Frameworks */,
				9B37B36922B457480037BB72 /* Resources */,
			);
			buildRules = (
			);
			dependencies = (
			);
			name = "Swoosh App";
			productName = "Swoosh App";
			productReference = 9B37B36B22B457480037BB72 /* Swoosh App.app */;
			productType = "com.apple.product-type.application";
		};
		9B37B38122B4574B0037BB72 /* Swoosh AppTests */ = {
			isa = PBXNativeTarget;
			buildConfigurationList = 9B37B39922B4574B0037BB72 /* Build configuration list for PBXNativeTarget "Swoosh AppTests" */;
			buildPhases = (
				9B37B37E22B4574B0037BB72 /* Sources */,
				9B37B37F22B4574B0037BB72 /* Frameworks */,
				9B37B38022B4574B0037BB72 /* Resources */,
			);
			buildRules = (
			);
			dependencies = (
				9B37B38422B4574B0037BB72 /* PBXTargetDependency */,
			);
			name = "Swoosh AppTests";
			productName = "Swoosh AppTests";
			productReference = 9B37B38222B4574B0037BB72 /* Swoosh AppTests.xctest */;
			productType = "com.apple.product-type.bundle.unit-test";
		};
		9B37B38C22B4574B0037BB72 /* Swoosh AppUITests */ = {
			isa = PBXNativeTarget;
			buildConfigurationList = 9B37B39C22B4574B0037BB72 /* Build configuration list for PBXNativeTarget "Swoosh AppUITests" */;
			buildPhases = (
				9B37B38922B4574B0037BB72 /* Sources */,
				9B37B38A22B4574B0037BB72 /* Frameworks */,
				9B37B38B22B4574B0037BB72 /* Resources */,
			);
			buildRules = (
			);
			dependencies = (
				9B37B38F22B4574B0037BB72 /* PBXTargetDependency */,
			);
			name = "Swoosh AppUITests";
			productName = "Swoosh AppUITests";
			productReference = 9B37B38D22B4574B0037BB72 /* Swoosh AppUITests.xctest */;
			productType = "com.apple.product-type.bundle.ui-testing";
		};
/* End PBXNativeTarget section */

/* Begin PBXProject section */
		9B37B36322B457480037BB72 /* Project object */ = {
			isa = PBXProject;
			attributes = {
				LastSwiftUpdateCheck = 1020;
				LastUpgradeCheck = 1020;
				ORGANIZATIONNAME = "James Brown";
				TargetAttributes = {
					9B37B36A22B457480037BB72 = {
						CreatedOnToolsVersion = 10.2.1;
					};
					9B37B38122B4574B0037BB72 = {
						CreatedOnToolsVersion = 10.2.1;
						TestTargetID = 9B37B36A22B457480037BB72;
					};
					9B37B38C22B4574B0037BB72 = {
						CreatedOnToolsVersion = 10.2.1;
						TestTargetID = 9B37B36A22B457480037BB72;
					};
				};
			};
			buildConfigurationList = 9B37B36622B457480037BB72 /* Build configuration list for PBXProject "Swoosh App" */;
			compatibilityVersion = "Xcode 9.3";
			developmentRegion = en;
			hasScannedForEncodings = 0;
			knownRegions = (
				en,
				Base,
			);
			mainGroup = 9B37B36222B457480037BB72;
			productRefGroup = 9B37B36C22B457480037BB72 /* Products */;
			projectDirPath = "";
			projectRoot = "";
			targets = (
				9B37B36A22B457480037BB72 /* Swoosh App */,
				9B37B38122B4574B0037BB72 /* Swoosh AppTests */,
				9B37B38C22B4574B0037BB72 /* Swoosh AppUITests */,
			);
		};
/* End PBXProject section */

/* Begin PBXResourcesBuildPhase section */
		9B37B36922B457480037BB72 /* Resources */ = {
			isa = PBXResourcesBuildPhase;
			buildActionMask = 2147483647;
			files = (
				9B37B37C22B4574A0037BB72 /* LaunchScreen.storyboard in Resources */,
				9B37B37922B4574A0037BB72 /* Assets.xcassets in Resources */,
				9B37B37422B457480037BB72 /* Main.storyboard in Resources */,
			);
			runOnlyForDeploymentPostprocessing = 0;
		};
		9B37B38022B4574B0037BB72 /* Resources */ = {
			isa = PBXResourcesBuildPhase;
			buildActionMask = 2147483647;
			files = (
			);
			runOnlyForDeploymentPostprocessing = 0;
		};
		9B37B38B22B4574B0037BB72 /* Resources */ = {
			isa = PBXResourcesBuildPhase;
			buildActionMask = 2147483647;
			files = (
			);
			runOnlyForDeploymentPostprocessing = 0;
		};
/* End PBXResourcesBuildPhase section */

/* Begin PBXSourcesBuildPhase section */
		9B37B36722B457480037BB72 /* Sources */ = {
			isa = PBXSourcesBuildPhase;
			buildActionMask = 2147483647;
			files = (
				9B37B37722B457480037BB72 /* Swoosh_App.xcdatamodeld in Sources */,
				9B37B37122B457480037BB72 /* ViewController.swift in Sources */,
				9B37B36F22B457480037BB72 /* AppDelegate.swift in Sources */,
			);
			runOnlyForDeploymentPostprocessing = 0;
		};
		9B37B37E22B4574B0037BB72 /* Sources */ = {
			isa = PBXSourcesBuildPhase;
			buildActionMask = 2147483647;
			files = (
				9B37B38722B4574B0037BB72 /* Swoosh_AppTests.swift in Sources */,
			);
			runOnlyForDeploymentPostprocessing = 0;
		};
		9B37B38922B4574B0037BB72 /* Sources */ = {
			isa = PBXSourcesBuildPhase;
			buildActionMask = 2147483647;
			files = (
				9B37B39222B4574B0037BB72 /* Swoosh_AppUITests.swift in Sources */,
			);
			runOnlyForDeploymentPostprocessing = 0;
		};
/* End PBXSourcesBuildPhase section */

/* Begin PBXTargetDependency section */
		9B37B38422B4574B0037BB72 /* PBXTargetDependency */ = {
			isa = PBXTargetDependency;
			target = 9B37B36A22B457480037BB72 /* Swoosh App */;
			targetProxy = 9B37B38322B4574B0037BB72 /* PBXContainerItemProxy */;
		};
		9B37B38F22B4574B0037BB72 /* PBXTargetDependency */ = {
			isa = PBXTargetDependency;
			target = 9B37B36A22B457480037BB72 /* Swoosh App */;
			targetProxy = 9B37B38E22B4574B0037BB72 /* PBXContainerItemProxy */;
		};
/* End PBXTargetDependency section */

/* Begin PBXVariantGroup section */
		9B37B37222B457480037BB72 /* Main.storyboard */ = {
			isa = PBXVariantGroup;
			children = (
				9B37B37322B457480037BB72 /* Base */,
			);
			name = Main.storyboard;
			sourceTree = "<group>";
		};
		9B37B37A22B4574A0037BB72 /* LaunchScreen.storyboard */ = {
			isa = PBXVariantGroup;
			children = (
				9B37B37B22B4574A0037BB72 /* Base */,
			);
			name = LaunchScreen.storyboard;
			sourceTree = "<group>";
		};
/* End PBXVariantGroup section */

/* Begin XCBuildConfiguration section */
		9B37B39422B4574B0037BB72 /* Debug */ = {
			isa = XCBuildConfiguration;
			buildSettings = {
				ALWAYS_SEARCH_USER_PATHS = NO;
				CLANG_ANALYZER_NONNULL = YES;
				CLANG_ANALYZER_NUMBER_OBJECT_CONVERSION = YES_AGGRESSIVE;
				CLANG_CXX_LANGUAGE_STANDARD = "gnu++14";
				CLANG_CXX_LIBRARY = "libc++";
				CLANG_ENABLE_MODULES = YES;
				CLANG_ENABLE_OBJC_ARC = YES;
				CLANG_ENABLE_OBJC_WEAK = YES;
				CLANG_WARN_BLOCK_CAPTURE_AUTORELEASING = YES;
				CLANG_WARN_BOOL_CONVERSION = YES;
				CLANG_WARN_COMMA = YES;
				CLANG_WARN_CONSTANT_CONVERSION = YES;
				CLANG_WARN_DEPRECATED_OBJC_IMPLEMENTATIONS = YES;
				CLANG_WARN_DIRECT_OBJC_ISA_USAGE = YES_ERROR;
				CLANG_WARN_DOCUMENTATION_COMMENTS = YES;
				CLANG_WARN_EMPTY_BODY = YES;
				CLANG_WARN_ENUM_CONVERSION = YES;
				CLANG_WARN_INFINITE_RECURSION = YES;
				CLANG_WARN_INT_CONVERSION = YES;
				CLANG_WARN_NON_LITERAL_NULL_CONVERSION = YES;
				CLANG_WARN_OBJC_IMPLICIT_RETAIN_SELF = YES;
				CLANG_WARN_OBJC_LITERAL_CONVERSION = YES;
				CLANG_WARN_OBJC_ROOT_CLASS = YES_ERROR;
				CLANG_WARN_RANGE_LOOP_ANALYSIS = YES;
				CLANG_WARN_STRICT_PROTOTYPES = YES;
				CLANG_WARN_SUSPICIOUS_MOVE = YES;
				CLANG_WARN_UNGUARDED_AVAILABILITY = YES_AGGRESSIVE;
				CLANG_WARN_UNREACHABLE_CODE = YES;
				CLANG_WARN__DUPLICATE_METHOD_MATCH = YES;
				CODE_SIGN_IDENTITY = "iPhone Developer";
				COPY_PHASE_STRIP = NO;
				DEBUG_INFORMATION_FORMAT = dwarf;
				ENABLE_STRICT_OBJC_MSGSEND = YES;
				ENABLE_TESTABILITY = YES;
				GCC_C_LANGUAGE_STANDARD = gnu11;
				GCC_DYNAMIC_NO_PIC = NO;
				GCC_NO_COMMON_BLOCKS = YES;
				GCC_OPTIMIZATION_LEVEL = 0;
				GCC_PREPROCESSOR_DEFINITIONS = (
					"DEBUG=1",
					"$(inherited)",
				);
				GCC_WARN_64_TO_32_BIT_CONVERSION = YES;
				GCC_WARN_ABOUT_RETURN_TYPE = YES_ERROR;
				GCC_WARN_UNDECLARED_SELECTOR = YES;
				GCC_WARN_UNINITIALIZED_AUTOS = YES_AGGRESSIVE;
				GCC_WARN_UNUSED_FUNCTION = YES;
				GCC_WARN_UNUSED_VARIABLE = YES;
				IPHONEOS_DEPLOYMENT_TARGET = 12.2;
				MTL_ENABLE_DEBUG_INFO = INCLUDE_SOURCE;
				MTL_FAST_MATH = YES;
				ONLY_ACTIVE_ARCH = YES;
				SDKROOT = iphoneos;
				SWIFT_ACTIVE_COMPILATION_CONDITIONS = DEBUG;
				SWIFT_OPTIMIZATION_LEVEL = "-Onone";
			};
			name = Debug;
		};
		9B37B39522B4574B0037BB72 /* Release */ = {
			isa = XCBuildConfiguration;
			buildSettings = {
				ALWAYS_SEARCH_USER_PATHS = NO;
				CLANG_ANALYZER_NONNULL = YES;
				CLANG_ANALYZER_NUMBER_OBJECT_CONVERSION = YES_AGGRESSIVE;
				CLANG_CXX_LANGUAGE_STANDARD = "gnu++14";
				CLANG_CXX_LIBRARY = "libc++";
				CLANG_ENABLE_MODULES = YES;
				CLANG_ENABLE_OBJC_ARC = YES;
				CLANG_ENABLE_OBJC_WEAK = YES;
				CLANG_WARN_BLOCK_CAPTURE_AUTORELEASING = YES;
				CLANG_WARN_BOOL_CONVERSION = YES;
				CLANG_WARN_COMMA = YES;
				CLANG_WARN_CONSTANT_CONVERSION = YES;
				CLANG_WARN_DEPRECATED_OBJC_IMPLEMENTATIONS = YES;
				CLANG_WARN_DIRECT_OBJC_ISA_USAGE = YES_ERROR;
				CLANG_WARN_DOCUMENTATION_COMMENTS = YES;
				CLANG_WARN_EMPTY_BODY = YES;
				CLANG_WARN_ENUM_CONVERSION = YES;
				CLANG_WARN_INFINITE_RECURSION = YES;
				CLANG_WARN_INT_CONVERSION = YES;
				CLANG_WARN_NON_LITERAL_NULL_CONVERSION = YES;
				CLANG_WARN_OBJC_IMPLICIT_RETAIN_SELF = YES;
				CLANG_WARN_OBJC_LITERAL_CONVERSION = YES;
				CLANG_WARN_OBJC_ROOT_CLASS = YES_ERROR;
				CLANG_WARN_RANGE_LOOP_ANALYSIS = YES;
				CLANG_WARN_STRICT_PROTOTYPES = YES;
				CLANG_WARN_SUSPICIOUS_MOVE = YES;
				CLANG_WARN_UNGUARDED_AVAILABILITY = YES_AGGRESSIVE;
				CLANG_WARN_UNREACHABLE_CODE = YES;
				CLANG_WARN__DUPLICATE_METHOD_MATCH = YES;
				CODE_SIGN_IDENTITY = "iPhone Developer";
				COPY_PHASE_STRIP = NO;
				DEBUG_INFORMATION_FORMAT = "dwarf-with-dsym";
				ENABLE_NS_ASSERTIONS = NO;
				ENABLE_STRICT_OBJC_MSGSEND = YES;
				GCC_C_LANGUAGE_STANDARD = gnu11;
				GCC_NO_COMMON_BLOCKS = YES;
				GCC_WARN_64_TO_32_BIT_CONVERSION = YES;
				GCC_WARN_ABOUT_RETURN_TYPE = YES_ERROR;
				GCC_WARN_UNDECLARED_SELECTOR = YES;
				GCC_WARN_UNINITIALIZED_AUTOS = YES_AGGRESSIVE;
				GCC_WARN_UNUSED_FUNCTION = YES;
				GCC_WARN_UNUSED_VARIABLE = YES;
				IPHONEOS_DEPLOYMENT_TARGET = 12.2;
				MTL_ENABLE_DEBUG_INFO = NO;
				MTL_FAST_MATH = YES;
				SDKROOT = iphoneos;
				SWIFT_COMPILATION_MODE = wholemodule;
				SWIFT_OPTIMIZATION_LEVEL = "-O";
				VALIDATE_PRODUCT = YES;
			};
			name = Release;
		};
		9B37B39722B4574B0037BB72 /* Debug */ = {
			isa = XCBuildConfiguration;
			buildSettings = {
				ASSETCATALOG_COMPILER_APPICON_NAME = AppIcon;
				CODE_SIGN_STYLE = Automatic;
				DEVELOPMENT_TEAM = 5ZLSFF34EF;
				INFOPLIST_FILE = "Swoosh App/Info.plist";
				LD_RUNPATH_SEARCH_PATHS = (
					"$(inherited)",
					"@executable_path/Frameworks",
				);
				PRODUCT_BUNDLE_IDENTIFIER = "com.jamesbrown.Swoosh-App";
				PRODUCT_NAME = "$(TARGET_NAME)";
				SWIFT_VERSION = 5.0;
				TARGETED_DEVICE_FAMILY = "1,2";
			};
			name = Debug;
		};
		9B37B39822B4574B0037BB72 /* Release */ = {
			isa = XCBuildConfiguration;
			buildSettings = {
				ASSETCATALOG_COMPILER_APPICON_NAME = AppIcon;
				CODE_SIGN_STYLE = Automatic;
				DEVELOPMENT_TEAM = 5ZLSFF34EF;
				INFOPLIST_FILE = "Swoosh App/Info.plist";
				LD_RUNPATH_SEARCH_PATHS = (
					"$(inherited)",
					"@executable_path/Frameworks",
				);
				PRODUCT_BUNDLE_IDENTIFIER = "com.jamesbrown.Swoosh-App";
				PRODUCT_NAME = "$(TARGET_NAME)";
				SWIFT_VERSION = 5.0;
				TARGETED_DEVICE_FAMILY = "1,2";
			};
			name = Release;
		};
		9B37B39A22B4574B0037BB72 /* Debug */ = {
			isa = XCBuildConfiguration;
			buildSettings = {
				ALWAYS_EMBED_SWIFT_STANDARD_LIBRARIES = YES;
				BUNDLE_LOADER = "$(TEST_HOST)";
				CODE_SIGN_STYLE = Automatic;
				DEVELOPMENT_TEAM = 5ZLSFF34EF;
				INFOPLIST_FILE = "Swoosh AppTests/Info.plist";
				LD_RUNPATH_SEARCH_PATHS = (
					"$(inherited)",
					"@executable_path/Frameworks",
					"@loader_path/Frameworks",
				);
				PRODUCT_BUNDLE_IDENTIFIER = "com.jamesbrown.Swoosh-AppTests";
				PRODUCT_NAME = "$(TARGET_NAME)";
				SWIFT_VERSION = 5.0;
				TARGETED_DEVICE_FAMILY = "1,2";
				TEST_HOST = "$(BUILT_PRODUCTS_DIR)/Swoosh App.app/Swoosh App";
			};
			name = Debug;
		};
		9B37B39B22B4574B0037BB72 /* Release */ = {
			isa = XCBuildConfiguration;
			buildSettings = {
				ALWAYS_EMBED_SWIFT_STANDARD_LIBRARIES = YES;
				BUNDLE_LOADER = "$(TEST_HOST)";
				CODE_SIGN_STYLE = Automatic;
				DEVELOPMENT_TEAM = 5ZLSFF34EF;
				INFOPLIST_FILE = "Swoosh AppTests/Info.plist";
				LD_RUNPATH_SEARCH_PATHS = (
					"$(inherited)",
					"@executable_path/Frameworks",
					"@loader_path/Frameworks",
				);
				PRODUCT_BUNDLE_IDENTIFIER = "com.jamesbrown.Swoosh-AppTests";
				PRODUCT_NAME = "$(TARGET_NAME)";
				SWIFT_VERSION = 5.0;
				TARGETED_DEVICE_FAMILY = "1,2";
				TEST_HOST = "$(BUILT_PRODUCTS_DIR)/Swoosh App.app/Swoosh App";
			};
			name = Release;
		};
		9B37B39D22B4574B0037BB72 /* Debug */ = {
			isa = XCBuildConfiguration;
			buildSettings = {
				ALWAYS_EMBED_SWIFT_STANDARD_LIBRARIES = YES;
				CODE_SIGN_STYLE = Automatic;
				DEVELOPMENT_TEAM = 5ZLSFF34EF;
				INFOPLIST_FILE = "Swoosh AppUITests/Info.plist";
				LD_RUNPATH_SEARCH_PATHS = (
					"$(inherited)",
					"@executable_path/Frameworks",
					"@loader_path/Frameworks",
				);
				PRODUCT_BUNDLE_IDENTIFIER = "com.jamesbrown.Swoosh-AppUITests";
				PRODUCT_NAME = "$(TARGET_NAME)";
				SWIFT_VERSION = 5.0;
				TARGETED_DEVICE_FAMILY = "1,2";
				TEST_TARGET_NAME = "Swoosh App";
			};
			name = Debug;
		};
		9B37B39E22B4574B0037BB72 /* Release */ = {
			isa = XCBuildConfiguration;
			buildSettings = {
				ALWAYS_EMBED_SWIFT_STANDARD_LIBRARIES = YES;
				CODE_SIGN_STYLE = Automatic;
				DEVELOPMENT_TEAM = 5ZLSFF34EF;
				INFOPLIST_FILE = "Swoosh AppUITests/Info.plist";
				LD_RUNPATH_SEARCH_PATHS = (
					"$(inherited)",
					"@executable_path/Frameworks",
					"@loader_path/Frameworks",
				);
				PRODUCT_BUNDLE_IDENTIFIER = "com.jamesbrown.Swoosh-AppUITests";
				PRODUCT_NAME = "$(TARGET_NAME)";
				SWIFT_VERSION = 5.0;
				TARGETED_DEVICE_FAMILY = "1,2";
				TEST_TARGET_NAME = "Swoosh App";
			};
			name = Release;
		};
/* End XCBuildConfiguration section */

/* Begin XCConfigurationList section */
		9B37B36622B457480037BB72 /* Build configuration list for PBXProject "Swoosh App" */ = {
			isa = XCConfigurationList;
			buildConfigurations = (
				9B37B39422B4574B0037BB72 /* Debug */,
				9B37B39522B4574B0037BB72 /* Release */,
			);
			defaultConfigurationIsVisible = 0;
			defaultConfigurationName = Release;
		};
		9B37B39622B4574B0037BB72 /* Build configuration list for PBXNativeTarget "Swoosh App" */ = {
			isa = XCConfigurationList;
			buildConfigurations = (
				9B37B39722B4574B0037BB72 /* Debug */,
				9B37B39822B4574B0037BB72 /* Release */,
			);
			defaultConfigurationIsVisible = 0;
			defaultConfigurationName = Release;
		};
		9B37B39922B4574B0037BB72 /* Build configuration list for PBXNativeTarget "Swoosh AppTests" */ = {
			isa = XCConfigurationList;
			buildConfigurations = (
				9B37B39A22B4574B0037BB72 /* Debug */,
				9B37B39B22B4574B0037BB72 /* Release */,
			);
			defaultConfigurationIsVisible = 0;
			defaultConfigurationName = Release;
		};
		9B37B39C22B4574B0037BB72 /* Build configuration list for PBXNativeTarget "Swoosh AppUITests" */ = {
			isa = XCConfigurationList;
			buildConfigurations = (
				9B37B39D22B4574B0037BB72 /* Debug */,
				9B37B39E22B4574B0037BB72 /* Release */,
			);
			defaultConfigurationIsVisible = 0;
			defaultConfigurationName = Release;
		};
/* End XCConfigurationList section */

/* Begin XCVersionGroup section */
		9B37B37522B457480037BB72 /* Swoosh_App.xcdatamodeld */ = {
			isa = XCVersionGroup;
			children = (
				9B37B37622B457480037BB72 /* Swoosh_App.xcdatamodel */,
			);
			currentVersion = 9B37B37622B457480037BB72 /* Swoosh_App.xcdatamodel */;
			path = Swoosh_App.xcdatamodeld;
			sourceTree = "<group>";
			versionGroupType = wrapper.xcdatamodel;
		};
/* End XCVersionGroup section */
	};
	rootObject = 9B37B36322B457480037BB72 /* Project object */;
}
